
Microsoft Visual Studio Solution File, Format Version 12.00
# Visual Studio Version 16
VisualStudioVersion = 16.0.30804.86
MinimumVisualStudioVersion = 10.0.40219.1
Project("{FAE04EC0-301F-11D3-BF4B-00C04F79EFBC}") = "StudentList", "StudentList.csproj", "{85279F0D-9629-4C5A-AB9A-6F60245E8DE2}"
EndProject
Global
	GlobalSection(SolutionConfigurationPlatforms) = preSolution
		Debug|Any CPU = Debug|Any CPU
		Release|Any CPU = Release|Any CPU
	EndGlobalSection
	GlobalSection(ProjectConfigurationPlatforms) = postSolution
		{85279F0D-9629-4C5A-AB9A-6F60245E8DE2}.Debug|Any CPU.ActiveCfg = Debug|Any CPU
		{85279F0D-9629-4C5A-AB9A-6F60245E8DE2}.Debug|Any CPU.Build.0 = Debug|Any CPU
		{85279F0D-9629-4C5A-AB9A-6F60245E8DE2}.Release|Any CPU.ActiveCfg = Release|Any CPU
		{85279F0D-9629-4C5A-AB9A-6F60245E8DE2}.Release|Any CPU.Build.0 = Release|Any CPU
	EndGlobalSection
	GlobalSection(SolutionProperties) = preSolution
		HideSolutionNode = FALSE
	EndGlobalSection
	GlobalSection(ExtensibilityGlobals) = postSolution
		SolutionGuid = {3C09450E-9FB4-441C-B83C-513790CB6184}
	EndGlobalSection
EndGlobal
